# THIS IS AN AUTOGENERATED FILE. DO NOT EDIT THIS FILE DIRECTLY.
# yarn lockfile v1


"@napi-rs/cli@^2.0.0-beta.3":
  version "2.0.0-beta.3"
  resolved "https://registry.npmjs.org/@napi-rs/cli/-/cli-2.0.0-beta.3.tgz#aa6e9d0502ccacb1011349875171d4a35af059ba"
  integrity sha512-niTuFbj6ayV53LXVOSD7ZBToGLEcxJ6/B4xX31XfYHT2okdNIfI4/aY3E+lYmooMQvE/x31JTIAmKoUlKsIiTQ==
